
Microsoft Visual Studio Solution File, Format Version 12.00
# Visual Studio 15
VisualStudioVersion = 15.0.28010.2046
MinimumVisualStudioVersion = 10.0.40219.1
Project("{FAE04EC0-301F-11D3-BF4B-00C04F79EFBC}") = "ElektronikSinavVeEgitimSistemi", "ElektronikSinavVeEgitimSistemi\ElektronikSinavVeEgitimSistemi.csproj", "{F81E46DC-CA46-4ADA-A834-20D2B06C0121}"
EndProject
Global
	GlobalSection(SolutionConfigurationPlatforms) = preSolution
		Debug|Any CPU = Debug|Any CPU
		Release|Any CPU = Release|Any CPU
	EndGlobalSection
	GlobalSection(ProjectConfigurationPlatforms) = postSolution
		{F81E46DC-CA46-4ADA-A834-20D2B06C0121}.Debug|Any CPU.ActiveCfg = Debug|Any CPU
		{F81E46DC-CA46-4ADA-A834-20D2B06C0121}.Debug|Any CPU.Build.0 = Debug|Any CPU
		{F81E46DC-CA46-4ADA-A834-20D2B06C0121}.Release|Any CPU.ActiveCfg = Release|Any CPU
		{F81E46DC-CA46-4ADA-A834-20D2B06C0121}.Release|Any CPU.Build.0 = Release|Any CPU
	EndGlobalSection
	GlobalSection(SolutionProperties) = preSolution
		HideSolutionNode = FALSE
	EndGlobalSection
	GlobalSection(ExtensibilityGlobals) = postSolution
		SolutionGuid = {4E251A8F-4E32-4FCA-8FAC-0FC98D06B50F}
	EndGlobalSection
EndGlobal
